
Microsoft Visual Studio Solution File, Format Version 12.00
# Visual Studio Version 16
VisualStudioVersion = 25.0.1706.4
MinimumVisualStudioVersion = 10.0.40219.1
Project("{FAE04EC0-301F-11D3-BF4B-00C04F79EFBC}") = "ScanbotSDKMVVM", "ScanbotSDKMVVM.csproj", "{F7B1BA86-1584-46BC-BEF6-A909D922E126}"
EndProject
Global
	GlobalSection(SolutionConfigurationPlatforms) = preSolution
		Debug|Any CPU = Debug|Any CPU
		Release|Any CPU = Release|Any CPU
	EndGlobalSection
	GlobalSection(ProjectConfigurationPlatforms) = postSolution
		{F7B1BA86-1584-46BC-BEF6-A909D922E126}.Debug|Any CPU.ActiveCfg = Debug|Any CPU
		{F7B1BA86-1584-46BC-BEF6-A909D922E126}.Debug|Any CPU.Build.0 = Debug|Any CPU
		{F7B1BA86-1584-46BC-BEF6-A909D922E126}.Release|Any CPU.ActiveCfg = Release|Any CPU
		{F7B1BA86-1584-46BC-BEF6-A909D922E126}.Release|Any CPU.Build.0 = Release|Any CPU
	EndGlobalSection
	GlobalSection(SolutionProperties) = preSolution
		HideSolutionNode = FALSE
	EndGlobalSection
	GlobalSection(ExtensibilityGlobals) = postSolution
		SolutionGuid = {7032A445-94AA-40F2-9DEF-ABC379E7067E}
	EndGlobalSection
EndGlobal
